// !$*UTF8*$!
{
	archiveVersion = 1;
	classes = {
	};
	objectVersion = 46;
	objects = {

/* Begin PBXBuildFile section */
		7B0257001E4F568C007FED0C /* CellView.xib in Resources */ = {isa = PBXBuildFile; fileRef = 7B0256FF1E4F568C007FED0C /* CellView.xib */; };
		7B02571A1E4F5762007FED0C /* CellView.swift in Sources */ = {isa = PBXBuildFile; fileRef = 7B0257191E4F5762007FED0C /* CellView.swift */; };
		7B02571C1E4F5919007FED0C /* RegisteredHoursViewController.swift in Sources */ = {isa = PBXBuildFile; fileRef = 7B02571B1E4F5919007FED0C /* RegisteredHoursViewController.swift */; };
		7B1772981DEB8065002992C9 /* Alamofire.framework in Frameworks */ = {isa = PBXBuildFile; fileRef = 7B1772701DEB7F8F002992C9 /* Alamofire.framework */; };
		7B2618271DEDB942005B4B20 /* Alamofire.framework in Embed Frameworks */ = {isa = PBXBuildFile; fileRef = 7B1772571DEB7F86002992C9 /* Alamofire.framework */; settings = {ATTRIBUTES = (CodeSignOnCopy, RemoveHeadersOnCopy, ); }; };
		7B26182A1DEE07FA005B4B20 /* CommunicationsHelper.swift in Sources */ = {isa = PBXBuildFile; fileRef = 7B2618291DEE07FA005B4B20 /* CommunicationsHelper.swift */; };
		7B2E88C21DF2C8C4003F7E45 /* SignInViewController.swift in Sources */ = {isa = PBXBuildFile; fileRef = 7B2E88C11DF2C8C4003F7E45 /* SignInViewController.swift */; };
		7B4CC5D81E3F331300190BFA /* AuthyRequests.swift in Sources */ = {isa = PBXBuildFile; fileRef = 7B4CC5D71E3F331300190BFA /* AuthyRequests.swift */; };
		7B57746D1E428F8C006AE378 /* AuthyPersonSearchTableViewController.swift in Sources */ = {isa = PBXBuildFile; fileRef = 7B57746C1E428F8C006AE378 /* AuthyPersonSearchTableViewController.swift */; };
		7B774F9E1E4FC97400ECDF66 /* TimeStampsSectionHeaderView.xib in Resources */ = {isa = PBXBuildFile; fileRef = 7B774F9D1E4FC97400ECDF66 /* TimeStampsSectionHeaderView.xib */; };
		7B774FA01E4FC9D300ECDF66 /* TimeStampsSectionHeader.swift in Sources */ = {isa = PBXBuildFile; fileRef = 7B774F9F1E4FC9D300ECDF66 /* TimeStampsSectionHeader.swift */; };
		7B774FA21E4FD47700ECDF66 /* CalendarPurpose.swift in Sources */ = {isa = PBXBuildFile; fileRef = 7B774FA11E4FD47700ECDF66 /* CalendarPurpose.swift */; };
		7B8BDBC81E0F0419009F3EAF /* TimeStampsMenuController.swift in Sources */ = {isa = PBXBuildFile; fileRef = 7B8BDBC71E0F0419009F3EAF /* TimeStampsMenuController.swift */; };
		7B8BDBCA1E12B5F1009F3EAF /* TimeStampSearchTableViewController.swift in Sources */ = {isa = PBXBuildFile; fileRef = 7B8BDBC91E12B5F0009F3EAF /* TimeStampSearchTableViewController.swift */; };
		7B8BDBCC1E12ED9F009F3EAF /* PersonSearchTableViewController.swift in Sources */ = {isa = PBXBuildFile; fileRef = 7B8BDBCB1E12ED9F009F3EAF /* PersonSearchTableViewController.swift */; };
		7B8BDBCF1E12F017009F3EAF /* PersonSearchTableViewCell.swift in Sources */ = {isa = PBXBuildFile; fileRef = 7B8BDBCE1E12F017009F3EAF /* PersonSearchTableViewCell.swift */; };
		7B8BDBD11E12F10C009F3EAF /* TimeStampSearchTableViewCell.swift in Sources */ = {isa = PBXBuildFile; fileRef = 7B8BDBD01E12F10C009F3EAF /* TimeStampSearchTableViewCell.swift */; };
		7B8BDBD61E1508B5009F3EAF /* TimeStampsEditorViewController.swift in Sources */ = {isa = PBXBuildFile; fileRef = 7B8BDBD51E1508B5009F3EAF /* TimeStampsEditorViewController.swift */; };
		7B8BDBD91E156E03009F3EAF /* BrightStartChild.swift in Sources */ = {isa = PBXBuildFile; fileRef = 7B8BDBD81E156E03009F3EAF /* BrightStartChild.swift */; };
		7B8BDBDB1E156F47009F3EAF /* PersonLog.swift in Sources */ = {isa = PBXBuildFile; fileRef = 7B8BDBDA1E156F47009F3EAF /* PersonLog.swift */; };
		7B8BDBDD1E156FE1009F3EAF /* PersonLogRequests.swift in Sources */ = {isa = PBXBuildFile; fileRef = 7B8BDBDC1E156FE1009F3EAF /* PersonLogRequests.swift */; };
		7B8BDBDF1E1572AF009F3EAF /* ChildRequests.swift in Sources */ = {isa = PBXBuildFile; fileRef = 7B8BDBDE1E1572AF009F3EAF /* ChildRequests.swift */; };
		7B99CDC31DFB6F21007EF4FC /* AboutViewController.swift in Sources */ = {isa = PBXBuildFile; fileRef = 7B99CDC21DFB6F21007EF4FC /* AboutViewController.swift */; };
		7B99CDC51DFDA6F4007EF4FC /* ApplicationColours.swift in Sources */ = {isa = PBXBuildFile; fileRef = 7B99CDC41DFDA6F4007EF4FC /* ApplicationColours.swift */; };
		7BB221D51E4A796B0069E74D /* Registration1ViewController.swift in Sources */ = {isa = PBXBuildFile; fileRef = 7BB221D41E4A796B0069E74D /* Registration1ViewController.swift */; };
		7BB221F11E4BB75C0069E74D /* RegistrationModel.swift in Sources */ = {isa = PBXBuildFile; fileRef = 7BB221F01E4BB75C0069E74D /* RegistrationModel.swift */; };
		7BB2220A1E4BB9890069E74D /* Registration2ViewController.swift in Sources */ = {isa = PBXBuildFile; fileRef = 7BB222091E4BB9890069E74D /* Registration2ViewController.swift */; };
		7BB2220C1E4CA86E0069E74D /* RegistrationRequests.swift in Sources */ = {isa = PBXBuildFile; fileRef = 7BB2220B1E4CA86E0069E74D /* RegistrationRequests.swift */; };
		7BC518221E4324BA00F81374 /* NewAuhtyViewController.swift in Sources */ = {isa = PBXBuildFile; fileRef = 7BC518211E4324BA00F81374 /* NewAuhtyViewController.swift */; };
		7BCAD8111DF613360056AC9C /* MainMenuViewController.swift in Sources */ = {isa = PBXBuildFile; fileRef = 7BCAD8101DF613360056AC9C /* MainMenuViewController.swift */; };
		7BCAD8131DF61A600056AC9C /* MainMenuButtonCollectionViewCell.swift in Sources */ = {isa = PBXBuildFile; fileRef = 7BCAD8121DF61A600056AC9C /* MainMenuButtonCollectionViewCell.swift */; };
		7BCAD8151DF7617E0056AC9C /* CommonHelper.swift in Sources */ = {isa = PBXBuildFile; fileRef = 7BCAD8141DF7617E0056AC9C /* CommonHelper.swift */; };
		7BD0FFE11E43BF3500472759 /* AuthyNewUserCompleteViewController.swift in Sources */ = {isa = PBXBuildFile; fileRef = 7BD0FFE01E43BF3400472759 /* AuthyNewUserCompleteViewController.swift */; };
		7BD0FFE31E43C95300472759 /* AuthyTestViewController.swift in Sources */ = {isa = PBXBuildFile; fileRef = 7BD0FFE21E43C95300472759 /* AuthyTestViewController.swift */; };
		7BD0FFE51E44787600472759 /* AuthyUser.swift in Sources */ = {isa = PBXBuildFile; fileRef = 7BD0FFE41E44787600472759 /* AuthyUser.swift */; };
		7BD0FFE71E4682B400472759 /* AuthyAction.swift in Sources */ = {isa = PBXBuildFile; fileRef = 7BD0FFE61E4682B400472759 /* AuthyAction.swift */; };
		7BD0FFEB1E47205100472759 /* AuthySettingsViewController.swift in Sources */ = {isa = PBXBuildFile; fileRef = 7BD0FFEA1E47205100472759 /* AuthySettingsViewController.swift */; };
		7BEAD03C1E1EFDE500DD4DCF /* DateSelectionViewController.swift in Sources */ = {isa = PBXBuildFile; fileRef = 7BEAD03B1E1EFDE400DD4DCF /* DateSelectionViewController.swift */; };
		C53FFE0F4BFF7C5BD7A0E31A /* Pods_BrightStart.framework in Frameworks */ = {isa = PBXBuildFile; fileRef = 4E5674001169A7EE20DDBCD2 /* Pods_BrightStart.framework */; };
		D7387E9B1CAF1A7100948DE5 /* Child.swift in Sources */ = {isa = PBXBuildFile; fileRef = D7387E9A1CAF1A7100948DE5 /* Child.swift */; };
		D739E8671CC981530084ECE4 /* RegisteredCount.swift in Sources */ = {isa = PBXBuildFile; fileRef = D739E8661CC981530084ECE4 /* RegisteredCount.swift */; };
		D739E8691CC9829C0084ECE4 /* DayCount.swift in Sources */ = {isa = PBXBuildFile; fileRef = D739E8681CC9829C0084ECE4 /* DayCount.swift */; };
		D74311481CB39B1900C72655 /* CommonRequests.swift in Sources */ = {isa = PBXBuildFile; fileRef = D74311471CB39B1900C72655 /* CommonRequests.swift */; };
		D7EEEDBC1CC2E005001424FE /* NumbersController.swift in Sources */ = {isa = PBXBuildFile; fileRef = D7EEEDBB1CC2E005001424FE /* NumbersController.swift */; };
		D7F6A4E71CAF2C3000534722 /* SwiftyJSON.swift in Sources */ = {isa = PBXBuildFile; fileRef = D7F6A4E61CAF2C3000534722 /* SwiftyJSON.swift */; };
		D7F9956A1C9EF4A1001802EC /* AppDelegate.swift in Sources */ = {isa = PBXBuildFile; fileRef = D7F995691C9EF4A1001802EC /* AppDelegate.swift */; };
		D7F9956F1C9EF4A1001802EC /* Main.storyboard in Resources */ = {isa = PBXBuildFile; fileRef = D7F9956D1C9EF4A1001802EC /* Main.storyboard */; };
		D7F995711C9EF4A1001802EC /* Assets.xcassets in Resources */ = {isa = PBXBuildFile; fileRef = D7F995701C9EF4A1001802EC /* Assets.xcassets */; };
		D7F995741C9EF4A1001802EC /* LaunchScreen.storyboard in Resources */ = {isa = PBXBuildFile; fileRef = D7F995721C9EF4A1001802EC /* LaunchScreen.storyboard */; };
		D7F9957F1C9EF4A2001802EC /* BrightStartTests.swift in Sources */ = {isa = PBXBuildFile; fileRef = D7F9957E1C9EF4A2001802EC /* BrightStartTests.swift */; };
		D7F9958A1C9EF4A2001802EC /* BrightStartUITests.swift in Sources */ = {isa = PBXBuildFile; fileRef = D7F995891C9EF4A2001802EC /* BrightStartUITests.swift */; };
		D7F995C61C9EFCE3001802EC /* ClockingTableViewController.swift in Sources */ = {isa = PBXBuildFile; fileRef = D7F995C51C9EFCE3001802EC /* ClockingTableViewController.swift */; };
		D7F995C81C9EFE30001802EC /* ClockingTableViewCell.swift in Sources */ = {isa = PBXBuildFile; fileRef = D7F995C71C9EFE30001802EC /* ClockingTableViewCell.swift */; };
/* End PBXBuildFile section */

/* Begin PBXContainerItemProxy section */
		7B1772561DEB7F86002992C9 /* PBXContainerItemProxy */ = {
			isa = PBXContainerItemProxy;
			containerPortal = 7B17724B1DEB7F86002992C9 /* Alamofire.xcodeproj */;
			proxyType = 2;
			remoteGlobalIDString = F8111E3319A95C8B0040E7D1;
			remoteInfo = "Alamofire iOS";
		};
		7B1772581DEB7F86002992C9 /* PBXContainerItemProxy */ = {
			isa = PBXContainerItemProxy;
			containerPortal = 7B17724B1DEB7F86002992C9 /* Alamofire.xcodeproj */;
			proxyType = 2;
			remoteGlobalIDString = F8111E3E19A95C8B0040E7D1;
			remoteInfo = "Alamofire iOS Tests";
		};
		7B17725A1DEB7F86002992C9 /* PBXContainerItemProxy */ = {
			isa = PBXContainerItemProxy;
			containerPortal = 7B17724B1DEB7F86002992C9 /* Alamofire.xcodeproj */;
			proxyType = 2;
			remoteGlobalIDString = 4DD67C0B1A5C55C900ED2280;
			remoteInfo = "Alamofire macOS";
		};
		7B17725C1DEB7F86002992C9 /* PBXContainerItemProxy */ = {
			isa = PBXContainerItemProxy;
			containerPortal = 7B17724B1DEB7F86002992C9 /* Alamofire.xcodeproj */;
			proxyType = 2;
			remoteGlobalIDString = F829C6B21A7A94F100A2CD59;
			remoteInfo = "Alamofire macOS Tests";
		};
		7B17725E1DEB7F86002992C9 /* PBXContainerItemProxy */ = {
			isa = PBXContainerItemProxy;
			containerPortal = 7B17724B1DEB7F86002992C9 /* Alamofire.xcodeproj */;
			proxyType = 2;
			remoteGlobalIDString = 4CF626EF1BA7CB3E0011A099;
			remoteInfo = "Alamofire tvOS";
		};
		7B1772601DEB7F86002992C9 /* PBXContainerItemProxy */ = {
			isa = PBXContainerItemProxy;
			containerPortal = 7B17724B1DEB7F86002992C9 /* Alamofire.xcodeproj */;
			proxyType = 2;
			remoteGlobalIDString = 4CF626F81BA7CB3E0011A099;
			remoteInfo = "Alamofire tvOS Tests";
		};
		7B1772621DEB7F86002992C9 /* PBXContainerItemProxy */ = {
			isa = PBXContainerItemProxy;
			containerPortal = 7B17724B1DEB7F86002992C9 /* Alamofire.xcodeproj */;
			proxyType = 2;
			remoteGlobalIDString = E4202FE01B667AA100C997FB;
			remoteInfo = "Alamofire watchOS";
		};
		7B17726F1DEB7F8F002992C9 /* PBXContainerItemProxy */ = {
			isa = PBXContainerItemProxy;
			containerPortal = 7B1772641DEB7F8F002992C9 /* Alamofire.xcodeproj */;
			proxyType = 2;
			remoteGlobalIDString = F8111E3319A95C8B0040E7D1;
			remoteInfo = "Alamofire iOS";
		};
		7B1772711DEB7F8F002992C9 /* PBXContainerItemProxy */ = {
			isa = PBXContainerItemProxy;
			containerPortal = 7B1772641DEB7F8F002992C9 /* Alamofire.xcodeproj */;
			proxyType = 2;
			remoteGlobalIDString = F8111E3E19A95C8B0040E7D1;
			remoteInfo = "Alamofire iOS Tests";
		};
		7B1772731DEB7F8F002992C9 /* PBXContainerItemProxy */ = {
			isa = PBXContainerItemProxy;
			containerPortal = 7B1772641DEB7F8F002992C9 /* Alamofire.xcodeproj */;
			proxyType = 2;
			remoteGlobalIDString = 4DD67C0B1A5C55C900ED2280;
			remoteInfo = "Alamofire macOS";
		};
		7B1772751DEB7F8F002992C9 /* PBXContainerItemProxy */ = {
			isa = PBXContainerItemProxy;
			containerPortal = 7B1772641DEB7F8F002992C9 /* Alamofire.xcodeproj */;
			proxyType = 2;
			remoteGlobalIDString = F829C6B21A7A94F100A2CD59;
			remoteInfo = "Alamofire macOS Tests";
		};
		7B1772771DEB7F8F002992C9 /* PBXContainerItemProxy */ = {
			isa = PBXContainerItemProxy;
			containerPortal = 7B1772641DEB7F8F002992C9 /* Alamofire.xcodeproj */;
			proxyType = 2;
			remoteGlobalIDString = 4CF626EF1BA7CB3E0011A099;
			remoteInfo = "Alamofire tvOS";
		};
		7B1772791DEB7F8F002992C9 /* PBXContainerItemProxy */ = {
			isa = PBXContainerItemProxy;
			containerPortal = 7B1772641DEB7F8F002992C9 /* Alamofire.xcodeproj */;
			proxyType = 2;
			remoteGlobalIDString = 4CF626F81BA7CB3E0011A099;
			remoteInfo = "Alamofire tvOS Tests";
		};
		7B17727B1DEB7F8F002992C9 /* PBXContainerItemProxy */ = {
			isa = PBXContainerItemProxy;
			containerPortal = 7B1772641DEB7F8F002992C9 /* Alamofire.xcodeproj */;
			proxyType = 2;
			remoteGlobalIDString = E4202FE01B667AA100C997FB;
			remoteInfo = "Alamofire watchOS";
		};
		7B1772881DEB7FAF002992C9 /* PBXContainerItemProxy */ = {
			isa = PBXContainerItemProxy;
			containerPortal = 7B17727D1DEB7FAF002992C9 /* Alamofire.xcodeproj */;
			proxyType = 2;
			remoteGlobalIDString = F8111E3319A95C8B0040E7D1;
			remoteInfo = "Alamofire iOS";
		};
		7B17728A1DEB7FAF002992C9 /* PBXContainerItemProxy */ = {
			isa = PBXContainerItemProxy;
			containerPortal = 7B17727D1DEB7FAF002992C9 /* Alamofire.xcodeproj */;
			proxyType = 2;
			remoteGlobalIDString = F8111E3E19A95C8B0040E7D1;
			remoteInfo = "Alamofire iOS Tests";
		};
		7B17728C1DEB7FAF002992C9 /* PBXContainerItemProxy */ = {
			isa = PBXContainerItemProxy;
			containerPortal = 7B17727D1DEB7FAF002992C9 /* Alamofire.xcodeproj */;
			proxyType = 2;
			remoteGlobalIDString = 4DD67C0B1A5C55C900ED2280;
			remoteInfo = "Alamofire macOS";
		};
		7B17728E1DEB7FAF002992C9 /* PBXContainerItemProxy */ = {
			isa = PBXContainerItemProxy;
			containerPortal = 7B17727D1DEB7FAF002992C9 /* Alamofire.xcodeproj */;
			proxyType = 2;
			remoteGlobalIDString = F829C6B21A7A94F100A2CD59;
			remoteInfo = "Alamofire macOS Tests";
		};
		7B1772901DEB7FAF002992C9 /* PBXContainerItemProxy */ = {
			isa = PBXContainerItemProxy;
			containerPortal = 7B17727D1DEB7FAF002992C9 /* Alamofire.xcodeproj */;
			proxyType = 2;
			remoteGlobalIDString = 4CF626EF1BA7CB3E0011A099;
			remoteInfo = "Alamofire tvOS";
		};
		7B1772921DEB7FAF002992C9 /* PBXContainerItemProxy */ = {
			isa = PBXContainerItemProxy;
			containerPortal = 7B17727D1DEB7FAF002992C9 /* Alamofire.xcodeproj */;
			proxyType = 2;
			remoteGlobalIDString = 4CF626F81BA7CB3E0011A099;
			remoteInfo = "Alamofire tvOS Tests";
		};
		7B1772941DEB7FAF002992C9 /* PBXContainerItemProxy */ = {
			isa = PBXContainerItemProxy;
			containerPortal = 7B17727D1DEB7FAF002992C9 /* Alamofire.xcodeproj */;
			proxyType = 2;
			remoteGlobalIDString = E4202FE01B667AA100C997FB;
			remoteInfo = "Alamofire watchOS";
		};
		7B1772961DEB8021002992C9 /* PBXContainerItemProxy */ = {
			isa = PBXContainerItemProxy;
			containerPortal = 7B1772641DEB7F8F002992C9 /* Alamofire.xcodeproj */;
			proxyType = 1;
			remoteGlobalIDString = F8111E3219A95C8B0040E7D1;
			remoteInfo = "Alamofire iOS";
		};
		D7F9957B1C9EF4A2001802EC /* PBXContainerItemProxy */ = {
			isa = PBXContainerItemProxy;
			containerPortal = D7F9955E1C9EF4A1001802EC /* Project object */;
			proxyType = 1;
			remoteGlobalIDString = D7F995651C9EF4A1001802EC;
			remoteInfo = BrightStart;
		};
		D7F995861C9EF4A2001802EC /* PBXContainerItemProxy */ = {
			isa = PBXContainerItemProxy;
			containerPortal = D7F9955E1C9EF4A1001802EC /* Project object */;
			proxyType = 1;
			remoteGlobalIDString = D7F995651C9EF4A1001802EC;
			remoteInfo = BrightStart;
		};
/* End PBXContainerItemProxy section */

/* Begin PBXCopyFilesBuildPhase section */
		7B26180F1DEDB912005B4B20 /* Embed Frameworks */ = {
			isa = PBXCopyFilesBuildPhase;
			buildActionMask = 2147483647;
			dstPath = "";
			dstSubfolderSpec = 10;
			files = (
				7B2618271DEDB942005B4B20 /* Alamofire.framework in Embed Frameworks */,
			);
			name = "Embed Frameworks";
			runOnlyForDeploymentPostprocessing = 0;
		};
/* End PBXCopyFilesBuildPhase section */

/* Begin PBXFileReference section */
		4E5674001169A7EE20DDBCD2 /* Pods_BrightStart.framework */ = {isa = PBXFileReference; explicitFileType = wrapper.framework; includeInIndex = 0; path = Pods_BrightStart.framework; sourceTree = BUILT_PRODUCTS_DIR; };
		5FCC61C88BB28693CDEAB661 /* Pods-BrightStart.release.xcconfig */ = {isa = PBXFileReference; includeInIndex = 1; lastKnownFileType = text.xcconfig; name = "Pods-BrightStart.release.xcconfig"; path = "Pods/Target Support Files/Pods-BrightStart/Pods-BrightStart.release.xcconfig"; sourceTree = "<group>"; };
		7B0256FF1E4F568C007FED0C /* CellView.xib */ = {isa = PBXFileReference; fileEncoding = 4; lastKnownFileType = file.xib; path = CellView.xib; sourceTree = "<group>"; };
		7B0257191E4F5762007FED0C /* CellView.swift */ = {isa = PBXFileReference; fileEncoding = 4; lastKnownFileType = sourcecode.swift; path = CellView.swift; sourceTree = "<group>"; };
		7B02571B1E4F5919007FED0C /* RegisteredHoursViewController.swift */ = {isa = PBXFileReference; fileEncoding = 4; lastKnownFileType = sourcecode.swift; path = RegisteredHoursViewController.swift; sourceTree = "<group>"; };
		7B17724B1DEB7F86002992C9 /* Alamofire.xcodeproj */ = {isa = PBXFileReference; lastKnownFileType = "wrapper.pb-project"; name = Alamofire.xcodeproj; path = "Alamofire-master/Alamofire.xcodeproj"; sourceTree = "<group>"; };
		7B1772641DEB7F8F002992C9 /* Alamofire.xcodeproj */ = {isa = PBXFileReference; lastKnownFileType = "wrapper.pb-project"; name = Alamofire.xcodeproj; path = "Alamofire-master/Alamofire.xcodeproj"; sourceTree = "<group>"; };
		7B17727D1DEB7FAF002992C9 /* Alamofire.xcodeproj */ = {isa = PBXFileReference; lastKnownFileType = "wrapper.pb-project"; name = Alamofire.xcodeproj; path = "Alamofire-master/Alamofire.xcodeproj"; sourceTree = "<group>"; };
		7B2618291DEE07FA005B4B20 /* CommunicationsHelper.swift */ = {isa = PBXFileReference; fileEncoding = 4; lastKnownFileType = sourcecode.swift; path = CommunicationsHelper.swift; sourceTree = "<group>"; };
		7B2E88C11DF2C8C4003F7E45 /* SignInViewController.swift */ = {isa = PBXFileReference; fileEncoding = 4; lastKnownFileType = sourcecode.swift; path = SignInViewController.swift; sourceTree = "<group>"; };
		7B4CC5D71E3F331300190BFA /* AuthyRequests.swift */ = {isa = PBXFileReference; fileEncoding = 4; lastKnownFileType = sourcecode.swift; path = AuthyRequests.swift; sourceTree = "<group>"; };
		7B57746C1E428F8C006AE378 /* AuthyPersonSearchTableViewController.swift */ = {isa = PBXFileReference; fileEncoding = 4; lastKnownFileType = sourcecode.swift; path = AuthyPersonSearchTableViewController.swift; sourceTree = "<group>"; };
		7B774F9D1E4FC97400ECDF66 /* TimeStampsSectionHeaderView.xib */ = {isa = PBXFileReference; fileEncoding = 4; lastKnownFileType = file.xib; path = TimeStampsSectionHeaderView.xib; sourceTree = "<group>"; };
		7B774F9F1E4FC9D300ECDF66 /* TimeStampsSectionHeader.swift */ = {isa = PBXFileReference; fileEncoding = 4; lastKnownFileType = sourcecode.swift; path = TimeStampsSectionHeader.swift; sourceTree = "<group>"; };
		7B774FA11E4FD47700ECDF66 /* CalendarPurpose.swift */ = {isa = PBXFileReference; fileEncoding = 4; lastKnownFileType = sourcecode.swift; path = CalendarPurpose.swift; sourceTree = "<group>"; };
		7B8BDBC71E0F0419009F3EAF /* TimeStampsMenuController.swift */ = {isa = PBXFileReference; fileEncoding = 4; lastKnownFileType = sourcecode.swift; path = TimeStampsMenuController.swift; sourceTree = "<group>"; };
		7B8BDBC91E12B5F0009F3EAF /* TimeStampSearchTableViewController.swift */ = {isa = PBXFileReference; fileEncoding = 4; lastKnownFileType = sourcecode.swift; path = TimeStampSearchTableViewController.swift; sourceTree = "<group>"; };
		7B8BDBCB1E12ED9F009F3EAF /* PersonSearchTableViewController.swift */ = {isa = PBXFileReference; fileEncoding = 4; lastKnownFileType = sourcecode.swift; path = PersonSearchTableViewController.swift; sourceTree = "<group>"; };
		7B8BDBCE1E12F017009F3EAF /* PersonSearchTableViewCell.swift */ = {isa = PBXFileReference; fileEncoding = 4; lastKnownFileType = sourcecode.swift; path = PersonSearchTableViewCell.swift; sourceTree = "<group>"; };
		7B8BDBD01E12F10C009F3EAF /* TimeStampSearchTableViewCell.swift */ = {isa = PBXFileReference; fileEncoding = 4; lastKnownFileType = sourcecode.swift; path = TimeStampSearchTableViewCell.swift; sourceTree = "<group>"; };
		7B8BDBD51E1508B5009F3EAF /* TimeStampsEditorViewController.swift */ = {isa = PBXFileReference; fileEncoding = 4; lastKnownFileType = sourcecode.swift; path = TimeStampsEditorViewController.swift; sourceTree = "<group>"; };
		7B8BDBD81E156E03009F3EAF /* BrightStartChild.swift */ = {isa = PBXFileReference; fileEncoding = 4; lastKnownFileType = sourcecode.swift; path = BrightStartChild.swift; sourceTree = "<group>"; };
		7B8BDBDA1E156F47009F3EAF /* PersonLog.swift */ = {isa = PBXFileReference; fileEncoding = 4; lastKnownFileType = sourcecode.swift; path = PersonLog.swift; sourceTree = "<group>"; };
		7B8BDBDC1E156FE1009F3EAF /* PersonLogRequests.swift */ = {isa = PBXFileReference; fileEncoding = 4; lastKnownFileType = sourcecode.swift; path = PersonLogRequests.swift; sourceTree = "<group>"; };
		7B8BDBDE1E1572AF009F3EAF /* ChildRequests.swift */ = {isa = PBXFileReference; fileEncoding = 4; lastKnownFileType = sourcecode.swift; path = ChildRequests.swift; sourceTree = "<group>"; };
		7B99CDC21DFB6F21007EF4FC /* AboutViewController.swift */ = {isa = PBXFileReference; fileEncoding = 4; lastKnownFileType = sourcecode.swift; path = AboutViewController.swift; sourceTree = "<group>"; };
		7B99CDC41DFDA6F4007EF4FC /* ApplicationColours.swift */ = {isa = PBXFileReference; fileEncoding = 4; lastKnownFileType = sourcecode.swift; path = ApplicationColours.swift; sourceTree = "<group>"; };
		7BB221D41E4A796B0069E74D /* Registration1ViewController.swift */ = {isa = PBXFileReference; fileEncoding = 4; lastKnownFileType = sourcecode.swift; path = Registration1ViewController.swift; sourceTree = "<group>"; };
		7BB221F01E4BB75C0069E74D /* RegistrationModel.swift */ = {isa = PBXFileReference; fileEncoding = 4; lastKnownFileType = sourcecode.swift; path = RegistrationModel.swift; sourceTree = "<group>"; };
		7BB222091E4BB9890069E74D /* Registration2ViewController.swift */ = {isa = PBXFileReference; fileEncoding = 4; lastKnownFileType = sourcecode.swift; path = Registration2ViewController.swift; sourceTree = "<group>"; };
		7BB2220B1E4CA86E0069E74D /* RegistrationRequests.swift */ = {isa = PBXFileReference; fileEncoding = 4; lastKnownFileType = sourcecode.swift; path = RegistrationRequests.swift; sourceTree = "<group>"; };
		7BC518211E4324BA00F81374 /* NewAuhtyViewController.swift */ = {isa = PBXFileReference; fileEncoding = 4; lastKnownFileType = sourcecode.swift; path = NewAuhtyViewController.swift; sourceTree = "<group>"; };
		7BCAD8101DF613360056AC9C /* MainMenuViewController.swift */ = {isa = PBXFileReference; fileEncoding = 4; lastKnownFileType = sourcecode.swift; path = MainMenuViewController.swift; sourceTree = "<group>"; };
		7BCAD8121DF61A600056AC9C /* MainMenuButtonCollectionViewCell.swift */ = {isa = PBXFileReference; fileEncoding = 4; lastKnownFileType = sourcecode.swift; path = MainMenuButtonCollectionViewCell.swift; sourceTree = "<group>"; };
		7BCAD8141DF7617E0056AC9C /* CommonHelper.swift */ = {isa = PBXFileReference; fileEncoding = 4; lastKnownFileType = sourcecode.swift; path = CommonHelper.swift; sourceTree = "<group>"; };
		7BD0FFE01E43BF3400472759 /* AuthyNewUserCompleteViewController.swift */ = {isa = PBXFileReference; fileEncoding = 4; lastKnownFileType = sourcecode.swift; path = AuthyNewUserCompleteViewController.swift; sourceTree = "<group>"; };
		7BD0FFE21E43C95300472759 /* AuthyTestViewController.swift */ = {isa = PBXFileReference; fileEncoding = 4; lastKnownFileType = sourcecode.swift; path = AuthyTestViewController.swift; sourceTree = "<group>"; };
		7BD0FFE41E44787600472759 /* AuthyUser.swift */ = {isa = PBXFileReference; fileEncoding = 4; lastKnownFileType = sourcecode.swift; path = AuthyUser.swift; sourceTree = "<group>"; };
		7BD0FFE61E4682B400472759 /* AuthyAction.swift */ = {isa = PBXFileReference; fileEncoding = 4; lastKnownFileType = sourcecode.swift; path = AuthyAction.swift; sourceTree = "<group>"; };
		7BD0FFEA1E47205100472759 /* AuthySettingsViewController.swift */ = {isa = PBXFileReference; fileEncoding = 4; lastKnownFileType = sourcecode.swift; path = AuthySettingsViewController.swift; sourceTree = "<group>"; };
		7BEAD03B1E1EFDE400DD4DCF /* DateSelectionViewController.swift */ = {isa = PBXFileReference; fileEncoding = 4; lastKnownFileType = sourcecode.swift; path = DateSelectionViewController.swift; sourceTree = "<group>"; };
		7F04C0F20972BB0831C45083 /* Pods-BrightStart.debug.xcconfig */ = {isa = PBXFileReference; includeInIndex = 1; lastKnownFileType = text.xcconfig; name = "Pods-BrightStart.debug.xcconfig"; path = "Pods/Target Support Files/Pods-BrightStart/Pods-BrightStart.debug.xcconfig"; sourceTree = "<group>"; };
		D7387E9A1CAF1A7100948DE5 /* Child.swift */ = {isa = PBXFileReference; fileEncoding = 4; lastKnownFileType = sourcecode.swift; path = Child.swift; sourceTree = "<group>"; };
		D739E8661CC981530084ECE4 /* RegisteredCount.swift */ = {isa = PBXFileReference; fileEncoding = 4; lastKnownFileType = sourcecode.swift; path = RegisteredCount.swift; sourceTree = "<group>"; };
		D739E8681CC9829C0084ECE4 /* DayCount.swift */ = {isa = PBXFileReference; fileEncoding = 4; lastKnownFileType = sourcecode.swift; path = DayCount.swift; sourceTree = "<group>"; };
		D74311471CB39B1900C72655 /* CommonRequests.swift */ = {isa = PBXFileReference; fileEncoding = 4; lastKnownFileType = sourcecode.swift; path = CommonRequests.swift; sourceTree = "<group>"; };
		D7EEEDBB1CC2E005001424FE /* NumbersController.swift */ = {isa = PBXFileReference; fileEncoding = 4; lastKnownFileType = sourcecode.swift; name = NumbersController.swift; path = ../NumbersController.swift; sourceTree = "<group>"; };
		D7F6A4E61CAF2C3000534722 /* SwiftyJSON.swift */ = {isa = PBXFileReference; fileEncoding = 4; lastKnownFileType = sourcecode.swift; path = SwiftyJSON.swift; sourceTree = "<group>"; };
		D7F995661C9EF4A1001802EC /* BrightStart.app */ = {isa = PBXFileReference; explicitFileType = wrapper.application; includeInIndex = 0; path = BrightStart.app; sourceTree = BUILT_PRODUCTS_DIR; };
		D7F995691C9EF4A1001802EC /* AppDelegate.swift */ = {isa = PBXFileReference; lastKnownFileType = sourcecode.swift; path = AppDelegate.swift; sourceTree = "<group>"; };
		D7F9956E1C9EF4A1001802EC /* Base */ = {isa = PBXFileReference; lastKnownFileType = file.storyboard; name = Base; path = Base.lproj/Main.storyboard; sourceTree = "<group>"; };
		D7F995701C9EF4A1001802EC /* Assets.xcassets */ = {isa = PBXFileReference; lastKnownFileType = folder.assetcatalog; path = Assets.xcassets; sourceTree = "<group>"; };
		D7F995731C9EF4A1001802EC /* Base */ = {isa = PBXFileReference; lastKnownFileType = file.storyboard; name = Base; path = Base.lproj/LaunchScreen.storyboard; sourceTree = "<group>"; };
		D7F995751C9EF4A1001802EC /* Info.plist */ = {isa = PBXFileReference; lastKnownFileType = text.plist.xml; path = Info.plist; sourceTree = "<group>"; };
		D7F9957A1C9EF4A2001802EC /* BrightStartTests.xctest */ = {isa = PBXFileReference; explicitFileType = wrapper.cfbundle; includeInIndex = 0; path = BrightStartTests.xctest; sourceTree = BUILT_PRODUCTS_DIR; };
		D7F9957E1C9EF4A2001802EC /* BrightStartTests.swift */ = {isa = PBXFileReference; lastKnownFileType = sourcecode.swift; path = BrightStartTests.swift; sourceTree = "<group>"; };
		D7F995801C9EF4A2001802EC /* Info.plist */ = {isa = PBXFileReference; lastKnownFileType = text.plist.xml; path = Info.plist; sourceTree = "<group>"; };
		D7F995851C9EF4A2001802EC /* BrightStartUITests.xctest */ = {isa = PBXFileReference; explicitFileType = wrapper.cfbundle; includeInIndex = 0; path = BrightStartUITests.xctest; sourceTree = BUILT_PRODUCTS_DIR; };
		D7F995891C9EF4A2001802EC /* BrightStartUITests.swift */ = {isa = PBXFileReference; lastKnownFileType = sourcecode.swift; path = BrightStartUITests.swift; sourceTree = "<group>"; };
		D7F9958B1C9EF4A2001802EC /* Info.plist */ = {isa = PBXFileReference; lastKnownFileType = text.plist.xml; path = Info.plist; sourceTree = "<group>"; };
		D7F995C51C9EFCE3001802EC /* ClockingTableViewController.swift */ = {isa = PBXFileReference; fileEncoding = 4; lastKnownFileType = sourcecode.swift; path = ClockingTableViewController.swift; sourceTree = "<group>"; };
		D7F995C71C9EFE30001802EC /* ClockingTableViewCell.swift */ = {isa = PBXFileReference; fileEncoding = 4; lastKnownFileType = sourcecode.swift; path = ClockingTableViewCell.swift; sourceTree = "<group>"; };
/* End PBXFileReference section */

/* Begin PBXFrameworksBuildPhase section */
		D7F995631C9EF4A1001802EC /* Frameworks */ = {
			isa = PBXFrameworksBuildPhase;
			buildActionMask = 2147483647;
			files = (
				7B1772981DEB8065002992C9 /* Alamofire.framework in Frameworks */,
				C53FFE0F4BFF7C5BD7A0E31A /* Pods_BrightStart.framework in Frameworks */,
			);
			runOnlyForDeploymentPostprocessing = 0;
		};
		D7F995771C9EF4A2001802EC /* Frameworks */ = {
			isa = PBXFrameworksBuildPhase;
			buildActionMask = 2147483647;
			files = (
			);
			runOnlyForDeploymentPostprocessing = 0;
		};
		D7F995821C9EF4A2001802EC /* Frameworks */ = {
			isa = PBXFrameworksBuildPhase;
			buildActionMask = 2147483647;
			files = (
			);
			runOnlyForDeploymentPostprocessing = 0;
		};
/* End PBXFrameworksBuildPhase section */

/* Begin PBXGroup section */
		7B0257181E4F56F9007FED0C /* Calendar */ = {
			isa = PBXGroup;
			children = (
				7B774F9C1E4FC34C00ECDF66 /* Calendar Headers */,
				7B0256FF1E4F568C007FED0C /* CellView.xib */,
				7B0257191E4F5762007FED0C /* CellView.swift */,
				7B02571B1E4F5919007FED0C /* RegisteredHoursViewController.swift */,
				7B774FA11E4FD47700ECDF66 /* CalendarPurpose.swift */,
			);
			name = Calendar;
			sourceTree = "<group>";
		};
		7B1772481DEB7B26002992C9 /* Frameworks */ = {
			isa = PBXGroup;
			children = (
				7B1772641DEB7F8F002992C9 /* Alamofire.xcodeproj */,
				7B17724B1DEB7F86002992C9 /* Alamofire.xcodeproj */,
				4E5674001169A7EE20DDBCD2 /* Pods_BrightStart.framework */,
			);
			name = Frameworks;
			sourceTree = "<group>";
		};
		7B17724C1DEB7F86002992C9 /* Products */ = {
			isa = PBXGroup;
			children = (
				7B1772571DEB7F86002992C9 /* Alamofire.framework */,
				7B1772591DEB7F86002992C9 /* Alamofire iOS Tests.xctest */,
				7B17725B1DEB7F86002992C9 /* Alamofire.framework */,
				7B17725D1DEB7F86002992C9 /* Alamofire macOS Tests.xctest */,
				7B17725F1DEB7F86002992C9 /* Alamofire.framework */,
				7B1772611DEB7F86002992C9 /* Alamofire tvOS Tests.xctest */,
				7B1772631DEB7F86002992C9 /* Alamofire.framework */,
			);
			name = Products;
			sourceTree = "<group>";
		};
		7B1772651DEB7F8F002992C9 /* Products */ = {
			isa = PBXGroup;
			children = (
				7B1772701DEB7F8F002992C9 /* Alamofire.framework */,
				7B1772721DEB7F8F002992C9 /* Alamofire iOS Tests.xctest */,
				7B1772741DEB7F8F002992C9 /* Alamofire.framework */,
				7B1772761DEB7F8F002992C9 /* Alamofire macOS Tests.xctest */,
				7B1772781DEB7F8F002992C9 /* Alamofire.framework */,
				7B17727A1DEB7F8F002992C9 /* Alamofire tvOS Tests.xctest */,
				7B17727C1DEB7F8F002992C9 /* Alamofire.framework */,
			);
			name = Products;
			sourceTree = "<group>";
		};
		7B17727E1DEB7FAF002992C9 /* Products */ = {
			isa = PBXGroup;
			children = (
				7B1772891DEB7FAF002992C9 /* Alamofire.framework */,
				7B17728B1DEB7FAF002992C9 /* Alamofire iOS Tests.xctest */,
				7B17728D1DEB7FAF002992C9 /* Alamofire.framework */,
				7B17728F1DEB7FAF002992C9 /* Alamofire macOS Tests.xctest */,
				7B1772911DEB7FAF002992C9 /* Alamofire.framework */,
				7B1772931DEB7FAF002992C9 /* Alamofire tvOS Tests.xctest */,
				7B1772951DEB7FAF002992C9 /* Alamofire.framework */,
			);
			name = Products;
			sourceTree = "<group>";
		};
		7B2618281DEE07C4005B4B20 /* HTTP */ = {
			isa = PBXGroup;
			children = (
				7B2618291DEE07FA005B4B20 /* CommunicationsHelper.swift */,
			);
			name = HTTP;
			sourceTree = "<group>";
		};
		7B26182B1DEE0E6C005B4B20 /* ThirdPartyTools */ = {
			isa = PBXGroup;
			children = (
				D7F6A4E61CAF2C3000534722 /* SwiftyJSON.swift */,
			);
			name = ThirdPartyTools;
			sourceTree = "<group>";
		};
		7B2E88BD1DEF7FA2003F7E45 /* Controllers */ = {
			isa = PBXGroup;
			children = (
				7BD0FFC81E43BF0000472759 /* Auhty */,
				7B8BDBAB1E0E8471009F3EAF /* Menus */,
				D7EEEDBB1CC2E005001424FE /* NumbersController.swift */,
				7B2E88C11DF2C8C4003F7E45 /* SignInViewController.swift */,
				7B99CDC21DFB6F21007EF4FC /* AboutViewController.swift */,
				7B8BDBD51E1508B5009F3EAF /* TimeStampsEditorViewController.swift */,
				7BEAD03B1E1EFDE400DD4DCF /* DateSelectionViewController.swift */,
				7BB221D41E4A796B0069E74D /* Registration1ViewController.swift */,
				7BB222091E4BB9890069E74D /* Registration2ViewController.swift */,
			);
			name = Controllers;
			sourceTree = "<group>";
		};
		7B774F9C1E4FC34C00ECDF66 /* Calendar Headers */ = {
			isa = PBXGroup;
			children = (
				7B774F9D1E4FC97400ECDF66 /* TimeStampsSectionHeaderView.xib */,
				7B774F9F1E4FC9D300ECDF66 /* TimeStampsSectionHeader.swift */,
			);
			name = "Calendar Headers";
			sourceTree = "<group>";
		};
		7B8BDBAB1E0E8471009F3EAF /* Menus */ = {
			isa = PBXGroup;
			children = (
				7BCAD8101DF613360056AC9C /* MainMenuViewController.swift */,
				7B8BDBC71E0F0419009F3EAF /* TimeStampsMenuController.swift */,
			);
			name = Menus;
			sourceTree = "<group>";
		};
		7B8BDBCD1E12EFC5009F3EAF /* TableViewCells */ = {
			isa = PBXGroup;
			children = (
				D7F995C71C9EFE30001802EC /* ClockingTableViewCell.swift */,
				7BCAD8121DF61A600056AC9C /* MainMenuButtonCollectionViewCell.swift */,
				7B8BDBCE1E12F017009F3EAF /* PersonSearchTableViewCell.swift */,
				7B8BDBD01E12F10C009F3EAF /* TimeStampSearchTableViewCell.swift */,
			);
			name = TableViewCells;
			sourceTree = "<group>";
		};
		7B8BDBD21E12F205009F3EAF /* TablieViews */ = {
			isa = PBXGroup;
			children = (
				D7F995C51C9EFCE3001802EC /* ClockingTableViewController.swift */,
				7B8BDBC91E12B5F0009F3EAF /* TimeStampSearchTableViewController.swift */,
				7B8BDBCB1E12ED9F009F3EAF /* PersonSearchTableViewController.swift */,
				7B57746C1E428F8C006AE378 /* AuthyPersonSearchTableViewController.swift */,
			);
			name = TablieViews;
			sourceTree = "<group>";
		};
		7B8BDBD71E156D92009F3EAF /* BrightStart */ = {
			isa = PBXGroup;
			children = (
				7B8BDBD81E156E03009F3EAF /* BrightStartChild.swift */,
				7B8BDBDA1E156F47009F3EAF /* PersonLog.swift */,
			);
			name = BrightStart;
			sourceTree = "<group>";
		};
		7BD0FFC81E43BF0000472759 /* Auhty */ = {
			isa = PBXGroup;
			children = (
				7BC518211E4324BA00F81374 /* NewAuhtyViewController.swift */,
				7BD0FFE01E43BF3400472759 /* AuthyNewUserCompleteViewController.swift */,
				7BD0FFE21E43C95300472759 /* AuthyTestViewController.swift */,
				7BD0FFEA1E47205100472759 /* AuthySettingsViewController.swift */,
			);
			name = Auhty;
			sourceTree = "<group>";
		};
		D7387E991CAF1A2B00948DE5 /* Child */ = {
			isa = PBXGroup;
			children = (
			);
			name = Child;
			sourceTree = "<group>";
		};
		D739E8651CC981270084ECE4 /* Models */ = {
			isa = PBXGroup;
			children = (
				D7387E9A1CAF1A7100948DE5 /* Child.swift */,
				7B8BDBD71E156D92009F3EAF /* BrightStart */,
				D739E8661CC981530084ECE4 /* RegisteredCount.swift */,
				D739E8681CC9829C0084ECE4 /* DayCount.swift */,
				7BD0FFE41E44787600472759 /* AuthyUser.swift */,
				7BD0FFE61E4682B400472759 /* AuthyAction.swift */,
				7BB221F01E4BB75C0069E74D /* RegistrationModel.swift */,
			);
			name = Models;
			sourceTree = "<group>";
		};
		D74311461CB39AE600C72655 /* API */ = {
			isa = PBXGroup;
			children = (
				D74311471CB39B1900C72655 /* CommonRequests.swift */,
				7B8BDBDC1E156FE1009F3EAF /* PersonLogRequests.swift */,
				7B8BDBDE1E1572AF009F3EAF /* ChildRequests.swift */,
				7B4CC5D71E3F331300190BFA /* AuthyRequests.swift */,
				7BB2220B1E4CA86E0069E74D /* RegistrationRequests.swift */,
			);
			name = API;
			sourceTree = "<group>";
		};
		D7F9955D1C9EF4A1001802EC = {
			isa = PBXGroup;
			children = (
				7B17727D1DEB7FAF002992C9 /* Alamofire.xcodeproj */,
				D7F995681C9EF4A1001802EC /* BrightStart */,
				D7F9957D1C9EF4A2001802EC /* BrightStartTests */,
				D7F995881C9EF4A2001802EC /* BrightStartUITests */,
				D7F995671C9EF4A1001802EC /* Products */,
				7B1772481DEB7B26002992C9 /* Frameworks */,
				F059A6DEB8E1A3550D5ACBD8 /* Pods */,
			);
			sourceTree = "<group>";
		};
		D7F995671C9EF4A1001802EC /* Products */ = {
			isa = PBXGroup;
			children = (
				D7F995661C9EF4A1001802EC /* BrightStart.app */,
				D7F9957A1C9EF4A2001802EC /* BrightStartTests.xctest */,
				D7F995851C9EF4A2001802EC /* BrightStartUITests.xctest */,
			);
			name = Products;
			sourceTree = "<group>";
		};
		D7F995681C9EF4A1001802EC /* BrightStart */ = {
			isa = PBXGroup;
			children = (
				7B0257181E4F56F9007FED0C /* Calendar */,
				7B8BDBD21E12F205009F3EAF /* TablieViews */,
				7B8BDBCD1E12EFC5009F3EAF /* TableViewCells */,
				7B2E88BD1DEF7FA2003F7E45 /* Controllers */,
				7B26182B1DEE0E6C005B4B20 /* ThirdPartyTools */,
				7B2618281DEE07C4005B4B20 /* HTTP */,
				D739E8651CC981270084ECE4 /* Models */,
				D74311461CB39AE600C72655 /* API */,
				D7387E991CAF1A2B00948DE5 /* Child */,
				D7F995691C9EF4A1001802EC /* AppDelegate.swift */,
				D7F9956D1C9EF4A1001802EC /* Main.storyboard */,
				D7F995701C9EF4A1001802EC /* Assets.xcassets */,
				D7F995721C9EF4A1001802EC /* LaunchScreen.storyboard */,
				D7F995751C9EF4A1001802EC /* Info.plist */,
				7BCAD8141DF7617E0056AC9C /* CommonHelper.swift */,
				7B99CDC41DFDA6F4007EF4FC /* ApplicationColours.swift */,
			);
			path = BrightStart;
			sourceTree = "<group>";
		};
		D7F9957D1C9EF4A2001802EC /* BrightStartTests */ = {
			isa = PBXGroup;
			children = (
				D7F9957E1C9EF4A2001802EC /* BrightStartTests.swift */,
				D7F995801C9EF4A2001802EC /* Info.plist */,
			);
			path = BrightStartTests;
			sourceTree = "<group>";
		};
		D7F995881C9EF4A2001802EC /* BrightStartUITests */ = {
			isa = PBXGroup;
			children = (
				D7F995891C9EF4A2001802EC /* BrightStartUITests.swift */,
				D7F9958B1C9EF4A2001802EC /* Info.plist */,
			);
			path = BrightStartUITests;
			sourceTree = "<group>";
		};
		F059A6DEB8E1A3550D5ACBD8 /* Pods */ = {
			isa = PBXGroup;
			children = (
				7F04C0F20972BB0831C45083 /* Pods-BrightStart.debug.xcconfig */,
				5FCC61C88BB28693CDEAB661 /* Pods-BrightStart.release.xcconfig */,
			);
			name = Pods;
			sourceTree = "<group>";
		};
/* End PBXGroup section */

/* Begin PBXNativeTarget section */
		D7F995651C9EF4A1001802EC /* BrightStart */ = {
			isa = PBXNativeTarget;
			buildConfigurationList = D7F9958E1C9EF4A2001802EC /* Build configuration list for PBXNativeTarget "BrightStart" */;
			buildPhases = (
				020B8B22A2F04609EA2B3B08 /* [CP] Check Pods Manifest.lock */,
				D7F995621C9EF4A1001802EC /* Sources */,
				D7F995631C9EF4A1001802EC /* Frameworks */,
				D7F995641C9EF4A1001802EC /* Resources */,
				7B26180F1DEDB912005B4B20 /* Embed Frameworks */,
				BEAA6FBDFD2A3B79E9B1431A /* [CP] Embed Pods Frameworks */,
				A071960B27FC0E7096CF925C /* [CP] Copy Pods Resources */,
			);
			buildRules = (
			);
			dependencies = (
				7B1772971DEB8021002992C9 /* PBXTargetDependency */,
			);
			name = BrightStart;
			productName = BrightStart;
			productReference = D7F995661C9EF4A1001802EC /* BrightStart.app */;
			productType = "com.apple.product-type.application";
		};
		D7F995791C9EF4A2001802EC /* BrightStartTests */ = {
			isa = PBXNativeTarget;
			buildConfigurationList = D7F995911C9EF4A2001802EC /* Build configuration list for PBXNativeTarget "BrightStartTests" */;
			buildPhases = (
				D7F995761C9EF4A2001802EC /* Sources */,
				D7F995771C9EF4A2001802EC /* Frameworks */,
				D7F995781C9EF4A2001802EC /* Resources */,
			);
			buildRules = (
			);
			dependencies = (
				D7F9957C1C9EF4A2001802EC /* PBXTargetDependency */,
			);
			name = BrightStartTests;
			productName = BrightStartTests;
			productReference = D7F9957A1C9EF4A2001802EC /* BrightStartTests.xctest */;
			productType = "com.apple.product-type.bundle.unit-test";
		};
		D7F995841C9EF4A2001802EC /* BrightStartUITests */ = {
			isa = PBXNativeTarget;
			buildConfigurationList = D7F995941C9EF4A2001802EC /* Build configuration list for PBXNativeTarget "BrightStartUITests" */;
			buildPhases = (
				D7F995811C9EF4A2001802EC /* Sources */,
				D7F995821C9EF4A2001802EC /* Frameworks */,
				D7F995831C9EF4A2001802EC /* Resources */,
			);
			buildRules = (
			);
			dependencies = (
				D7F995871C9EF4A2001802EC /* PBXTargetDependency */,
			);
			name = BrightStartUITests;
			productName = BrightStartUITests;
			productReference = D7F995851C9EF4A2001802EC /* BrightStartUITests.xctest */;
			productType = "com.apple.product-type.bundle.ui-testing";
		};
/* End PBXNativeTarget section */

/* Begin PBXProject section */
		D7F9955E1C9EF4A1001802EC /* Project object */ = {
			isa = PBXProject;
			attributes = {
				LastSwiftUpdateCheck = 0720;
				LastUpgradeCheck = 0800;
				ORGANIZATIONNAME = dev;
				TargetAttributes = {
					D7F995651C9EF4A1001802EC = {
						CreatedOnToolsVersion = 7.2;
						DevelopmentTeam = V699D4BAW5;
						LastSwiftMigration = 0800;
						ProvisioningStyle = Automatic;
					};
					D7F995791C9EF4A2001802EC = {
						CreatedOnToolsVersion = 7.2;
						LastSwiftMigration = 0800;
						TestTargetID = D7F995651C9EF4A1001802EC;
					};
					D7F995841C9EF4A2001802EC = {
						CreatedOnToolsVersion = 7.2;
						LastSwiftMigration = 0800;
						TestTargetID = D7F995651C9EF4A1001802EC;
					};
				};
			};
			buildConfigurationList = D7F995611C9EF4A1001802EC /* Build configuration list for PBXProject "BrightStart" */;
			compatibilityVersion = "Xcode 3.2";
			developmentRegion = English;
			hasScannedForEncodings = 0;
			knownRegions = (
				en,
				Base,
			);
			mainGroup = D7F9955D1C9EF4A1001802EC;
			productRefGroup = D7F995671C9EF4A1001802EC /* Products */;
			projectDirPath = "";
			projectReferences = (
				{
					ProductGroup = 7B1772651DEB7F8F002992C9 /* Products */;
					ProjectRef = 7B1772641DEB7F8F002992C9 /* Alamofire.xcodeproj */;
				},
				{
					ProductGroup = 7B17727E1DEB7FAF002992C9 /* Products */;
					ProjectRef = 7B17727D1DEB7FAF002992C9 /* Alamofire.xcodeproj */;
				},
				{
					ProductGroup = 7B17724C1DEB7F86002992C9 /* Products */;
					ProjectRef = 7B17724B1DEB7F86002992C9 /* Alamofire.xcodeproj */;
				},
			);
			projectRoot = "";
			targets = (
				D7F995651C9EF4A1001802EC /* BrightStart */,
				D7F995791C9EF4A2001802EC /* BrightStartTests */,
				D7F995841C9EF4A2001802EC /* BrightStartUITests */,
			);
		};
/* End PBXProject section */

/* Begin PBXReferenceProxy section */
		7B1772571DEB7F86002992C9 /* Alamofire.framework */ = {
			isa = PBXReferenceProxy;
			fileType = wrapper.framework;
			path = Alamofire.framework;
			remoteRef = 7B1772561DEB7F86002992C9 /* PBXContainerItemProxy */;
			sourceTree = BUILT_PRODUCTS_DIR;
		};
		7B1772591DEB7F86002992C9 /* Alamofire iOS Tests.xctest */ = {
			isa = PBXReferenceProxy;
			fileType = wrapper.cfbundle;
			path = "Alamofire iOS Tests.xctest";
			remoteRef = 7B1772581DEB7F86002992C9 /* PBXContainerItemProxy */;
			sourceTree = BUILT_PRODUCTS_DIR;
		};
		7B17725B1DEB7F86002992C9 /* Alamofire.framework */ = {
			isa = PBXReferenceProxy;
			fileType = wrapper.framework;
			path = Alamofire.framework;
			remoteRef = 7B17725A1DEB7F86002992C9 /* PBXContainerItemProxy */;
			sourceTree = BUILT_PRODUCTS_DIR;
		};
		7B17725D1DEB7F86002992C9 /* Alamofire macOS Tests.xctest */ = {
			isa = PBXReferenceProxy;
			fileType = wrapper.cfbundle;
			path = "Alamofire macOS Tests.xctest";
			remoteRef = 7B17725C1DEB7F86002992C9 /* PBXContainerItemProxy */;
			sourceTree = BUILT_PRODUCTS_DIR;
		};
		7B17725F1DEB7F86002992C9 /* Alamofire.framework */ = {
			isa = PBXReferenceProxy;
			fileType = wrapper.framework;
			path = Alamofire.framework;
			remoteRef = 7B17725E1DEB7F86002992C9 /* PBXContainerItemProxy */;
			sourceTree = BUILT_PRODUCTS_DIR;
		};
		7B1772611DEB7F86002992C9 /* Alamofire tvOS Tests.xctest */ = {
			isa = PBXReferenceProxy;
			fileType = wrapper.cfbundle;
			path = "Alamofire tvOS Tests.xctest";
			remoteRef = 7B1772601DEB7F86002992C9 /* PBXContainerItemProxy */;
			sourceTree = BUILT_PRODUCTS_DIR;
		};
		7B1772631DEB7F86002992C9 /* Alamofire.framework */ = {
			isa = PBXReferenceProxy;
			fileType = wrapper.framework;
			path = Alamofire.framework;
			remoteRef = 7B1772621DEB7F86002992C9 /* PBXContainerItemProxy */;
			sourceTree = BUILT_PRODUCTS_DIR;
		};
		7B1772701DEB7F8F002992C9 /* Alamofire.framework */ = {
			isa = PBXReferenceProxy;
			fileType = wrapper.framework;
			path = Alamofire.framework;
			remoteRef = 7B17726F1DEB7F8F002992C9 /* PBXContainerItemProxy */;
			sourceTree = BUILT_PRODUCTS_DIR;
		};
		7B1772721DEB7F8F002992C9 /* Alamofire iOS Tests.xctest */ = {
			isa = PBXReferenceProxy;
			fileType = wrapper.cfbundle;
			path = "Alamofire iOS Tests.xctest";
			remoteRef = 7B1772711DEB7F8F002992C9 /* PBXContainerItemProxy */;
			sourceTree = BUILT_PRODUCTS_DIR;
		};
		7B1772741DEB7F8F002992C9 /* Alamofire.framework */ = {
			isa = PBXReferenceProxy;
			fileType = wrapper.framework;
			path = Alamofire.framework;
			remoteRef = 7B1772731DEB7F8F002992C9 /* PBXContainerItemProxy */;
			sourceTree = BUILT_PRODUCTS_DIR;
		};
		7B1772761DEB7F8F002992C9 /* Alamofire macOS Tests.xctest */ = {
			isa = PBXReferenceProxy;
			fileType = wrapper.cfbundle;
			path = "Alamofire macOS Tests.xctest";
			remoteRef = 7B1772751DEB7F8F002992C9 /* PBXContainerItemProxy */;
			sourceTree = BUILT_PRODUCTS_DIR;
		};
		7B1772781DEB7F8F002992C9 /* Alamofire.framework */ = {
			isa = PBXReferenceProxy;
			fileType = wrapper.framework;
			path = Alamofire.framework;
			remoteRef = 7B1772771DEB7F8F002992C9 /* PBXContainerItemProxy */;
			sourceTree = BUILT_PRODUCTS_DIR;
		};
		7B17727A1DEB7F8F002992C9 /* Alamofire tvOS Tests.xctest */ = {
			isa = PBXReferenceProxy;
			fileType = wrapper.cfbundle;
			path = "Alamofire tvOS Tests.xctest";
			remoteRef = 7B1772791DEB7F8F002992C9 /* PBXContainerItemProxy */;
			sourceTree = BUILT_PRODUCTS_DIR;
		};
		7B17727C1DEB7F8F002992C9 /* Alamofire.framework */ = {
			isa = PBXReferenceProxy;
			fileType = wrapper.framework;
			path = Alamofire.framework;
			remoteRef = 7B17727B1DEB7F8F002992C9 /* PBXContainerItemProxy */;
			sourceTree = BUILT_PRODUCTS_DIR;
		};
		7B1772891DEB7FAF002992C9 /* Alamofire.framework */ = {
			isa = PBXReferenceProxy;
			fileType = wrapper.framework;
			path = Alamofire.framework;
			remoteRef = 7B1772881DEB7FAF002992C9 /* PBXContainerItemProxy */;
			sourceTree = BUILT_PRODUCTS_DIR;
		};
		7B17728B1DEB7FAF002992C9 /* Alamofire iOS Tests.xctest */ = {
			isa = PBXReferenceProxy;
			fileType = wrapper.cfbundle;
			path = "Alamofire iOS Tests.xctest";
			remoteRef = 7B17728A1DEB7FAF002992C9 /* PBXContainerItemProxy */;
			sourceTree = BUILT_PRODUCTS_DIR;
		};
		7B17728D1DEB7FAF002992C9 /* Alamofire.framework */ = {
			isa = PBXReferenceProxy;
			fileType = wrapper.framework;
			path = Alamofire.framework;
			remoteRef = 7B17728C1DEB7FAF002992C9 /* PBXContainerItemProxy */;
			sourceTree = BUILT_PRODUCTS_DIR;
		};
		7B17728F1DEB7FAF002992C9 /* Alamofire macOS Tests.xctest */ = {
			isa = PBXReferenceProxy;
			fileType = wrapper.cfbundle;
			path = "Alamofire macOS Tests.xctest";
			remoteRef = 7B17728E1DEB7FAF002992C9 /* PBXContainerItemProxy */;
			sourceTree = BUILT_PRODUCTS_DIR;
		};
		7B1772911DEB7FAF002992C9 /* Alamofire.framework */ = {
			isa = PBXReferenceProxy;
			fileType = wrapper.framework;
			path = Alamofire.framework;
			remoteRef = 7B1772901DEB7FAF002992C9 /* PBXContainerItemProxy */;
			sourceTree = BUILT_PRODUCTS_DIR;
		};
		7B1772931DEB7FAF002992C9 /* Alamofire tvOS Tests.xctest */ = {
			isa = PBXReferenceProxy;
			fileType = wrapper.cfbundle;
			path = "Alamofire tvOS Tests.xctest";
			remoteRef = 7B1772921DEB7FAF002992C9 /* PBXContainerItemProxy */;
			sourceTree = BUILT_PRODUCTS_DIR;
		};
		7B1772951DEB7FAF002992C9 /* Alamofire.framework */ = {
			isa = PBXReferenceProxy;
			fileType = wrapper.framework;
			path = Alamofire.framework;
			remoteRef = 7B1772941DEB7FAF002992C9 /* PBXContainerItemProxy */;
			sourceTree = BUILT_PRODUCTS_DIR;
		};
/* End PBXReferenceProxy section */

/* Begin PBXResourcesBuildPhase section */
		D7F995641C9EF4A1001802EC /* Resources */ = {
			isa = PBXResourcesBuildPhase;
			buildActionMask = 2147483647;
			files = (
				7B774F9E1E4FC97400ECDF66 /* TimeStampsSectionHeaderView.xib in Resources */,
				7B0257001E4F568C007FED0C /* CellView.xib in Resources */,
				D7F995741C9EF4A1001802EC /* LaunchScreen.storyboard in Resources */,
				D7F995711C9EF4A1001802EC /* Assets.xcassets in Resources */,
				D7F9956F1C9EF4A1001802EC /* Main.storyboard in Resources */,
			);
			runOnlyForDeploymentPostprocessing = 0;
		};
		D7F995781C9EF4A2001802EC /* Resources */ = {
			isa = PBXResourcesBuildPhase;
			buildActionMask = 2147483647;
			files = (
			);
			runOnlyForDeploymentPostprocessing = 0;
		};
		D7F995831C9EF4A2001802EC /* Resources */ = {
			isa = PBXResourcesBuildPhase;
			buildActionMask = 2147483647;
			files = (
			);
			runOnlyForDeploymentPostprocessing = 0;
		};
/* End PBXResourcesBuildPhase section */

/* Begin PBXShellScriptBuildPhase section */
		020B8B22A2F04609EA2B3B08 /* [CP] Check Pods Manifest.lock */ = {
			isa = PBXShellScriptBuildPhase;
			buildActionMask = 2147483647;
			files = (
			);
			inputPaths = (
			);
			name = "[CP] Check Pods Manifest.lock";
			outputPaths = (
			);
			runOnlyForDeploymentPostprocessing = 0;
			shellPath = /bin/sh;
			shellScript = "diff \"${PODS_ROOT}/../Podfile.lock\" \"${PODS_ROOT}/Manifest.lock\" > /dev/null\nif [ $? != 0 ] ; then\n    # print error to STDERR\n    echo \"error: The sandbox is not in sync with the Podfile.lock. Run 'pod install' or update your CocoaPods installation.\" >&2\n    exit 1\nfi\n";
			showEnvVarsInLog = 0;
		};
		A071960B27FC0E7096CF925C /* [CP] Copy Pods Resources */ = {
			isa = PBXShellScriptBuildPhase;
			buildActionMask = 2147483647;
			files = (
			);
			inputPaths = (
			);
			name = "[CP] Copy Pods Resources";
			outputPaths = (
			);
			runOnlyForDeploymentPostprocessing = 0;
			shellPath = /bin/sh;
			shellScript = "\"${SRCROOT}/Pods/Target Support Files/Pods-BrightStart/Pods-BrightStart-resources.sh\"\n";
			showEnvVarsInLog = 0;
		};
		BEAA6FBDFD2A3B79E9B1431A /* [CP] Embed Pods Frameworks */ = {
			isa = PBXShellScriptBuildPhase;
			buildActionMask = 2147483647;
			files = (
			);
			inputPaths = (
			);
			name = "[CP] Embed Pods Frameworks";
			outputPaths = (
			);
			runOnlyForDeploymentPostprocessing = 0;
			shellPath = /bin/sh;
			shellScript = "\"${SRCROOT}/Pods/Target Support Files/Pods-BrightStart/Pods-BrightStart-frameworks.sh\"\n";
			showEnvVarsInLog = 0;
		};
/* End PBXShellScriptBuildPhase section */

/* Begin PBXSourcesBuildPhase section */
		D7F995621C9EF4A1001802EC /* Sources */ = {
			isa = PBXSourcesBuildPhase;
			buildActionMask = 2147483647;
			files = (
				7BB2220C1E4CA86E0069E74D /* RegistrationRequests.swift in Sources */,
				7B8BDBD91E156E03009F3EAF /* BrightStartChild.swift in Sources */,
				7B8BDBCA1E12B5F1009F3EAF /* TimeStampSearchTableViewController.swift in Sources */,
				7BD0FFE31E43C95300472759 /* AuthyTestViewController.swift in Sources */,
				7BCAD8111DF613360056AC9C /* MainMenuViewController.swift in Sources */,
				7BB221F11E4BB75C0069E74D /* RegistrationModel.swift in Sources */,
				7BD0FFEB1E47205100472759 /* AuthySettingsViewController.swift in Sources */,
				7B2E88C21DF2C8C4003F7E45 /* SignInViewController.swift in Sources */,
				D739E8691CC9829C0084ECE4 /* DayCount.swift in Sources */,
				7BD0FFE11E43BF3500472759 /* AuthyNewUserCompleteViewController.swift in Sources */,
				7B99CDC31DFB6F21007EF4FC /* AboutViewController.swift in Sources */,
				7BB221D51E4A796B0069E74D /* Registration1ViewController.swift in Sources */,
				D7EEEDBC1CC2E005001424FE /* NumbersController.swift in Sources */,
				7B8BDBD61E1508B5009F3EAF /* TimeStampsEditorViewController.swift in Sources */,
				7B8BDBC81E0F0419009F3EAF /* TimeStampsMenuController.swift in Sources */,
				7B4CC5D81E3F331300190BFA /* AuthyRequests.swift in Sources */,
				7BEAD03C1E1EFDE500DD4DCF /* DateSelectionViewController.swift in Sources */,
				7B774FA21E4FD47700ECDF66 /* CalendarPurpose.swift in Sources */,
				D74311481CB39B1900C72655 /* CommonRequests.swift in Sources */,
				D7F995C81C9EFE30001802EC /* ClockingTableViewCell.swift in Sources */,
				7BCAD8151DF7617E0056AC9C /* CommonHelper.swift in Sources */,
				D7F6A4E71CAF2C3000534722 /* SwiftyJSON.swift in Sources */,
				7BB2220A1E4BB9890069E74D /* Registration2ViewController.swift in Sources */,
				7B8BDBDD1E156FE1009F3EAF /* PersonLogRequests.swift in Sources */,
				7B8BDBCC1E12ED9F009F3EAF /* PersonSearchTableViewController.swift in Sources */,
				7BD0FFE51E44787600472759 /* AuthyUser.swift in Sources */,
				7B8BDBD11E12F10C009F3EAF /* TimeStampSearchTableViewCell.swift in Sources */,
				7B26182A1DEE07FA005B4B20 /* CommunicationsHelper.swift in Sources */,
				7B774FA01E4FC9D300ECDF66 /* TimeStampsSectionHeader.swift in Sources */,
				7BCAD8131DF61A600056AC9C /* MainMenuButtonCollectionViewCell.swift in Sources */,
				7B8BDBCF1E12F017009F3EAF /* PersonSearchTableViewCell.swift in Sources */,
				D7F9956A1C9EF4A1001802EC /* AppDelegate.swift in Sources */,
				7B8BDBDB1E156F47009F3EAF /* PersonLog.swift in Sources */,
				D739E8671CC981530084ECE4 /* RegisteredCount.swift in Sources */,
				7B8BDBDF1E1572AF009F3EAF /* ChildRequests.swift in Sources */,
				D7387E9B1CAF1A7100948DE5 /* Child.swift in Sources */,
				7BD0FFE71E4682B400472759 /* AuthyAction.swift in Sources */,
				7B99CDC51DFDA6F4007EF4FC /* ApplicationColours.swift in Sources */,
				7B02571A1E4F5762007FED0C /* CellView.swift in Sources */,
				7B02571C1E4F5919007FED0C /* RegisteredHoursViewController.swift in Sources */,
				7B57746D1E428F8C006AE378 /* AuthyPersonSearchTableViewController.swift in Sources */,
				D7F995C61C9EFCE3001802EC /* ClockingTableViewController.swift in Sources */,
				7BC518221E4324BA00F81374 /* NewAuhtyViewController.swift in Sources */,
			);
			runOnlyForDeploymentPostprocessing = 0;
		};
		D7F995761C9EF4A2001802EC /* Sources */ = {
			isa = PBXSourcesBuildPhase;
			buildActionMask = 2147483647;
			files = (
				D7F9957F1C9EF4A2001802EC /* BrightStartTests.swift in Sources */,
			);
			runOnlyForDeploymentPostprocessing = 0;
		};
		D7F995811C9EF4A2001802EC /* Sources */ = {
			isa = PBXSourcesBuildPhase;
			buildActionMask = 2147483647;
			files = (
				D7F9958A1C9EF4A2001802EC /* BrightStartUITests.swift in Sources */,
			);
			runOnlyForDeploymentPostprocessing = 0;
		};
/* End PBXSourcesBuildPhase section */

/* Begin PBXTargetDependency section */
		7B1772971DEB8021002992C9 /* PBXTargetDependency */ = {
			isa = PBXTargetDependency;
			name = "Alamofire iOS";
			targetProxy = 7B1772961DEB8021002992C9 /* PBXContainerItemProxy */;
		};
		D7F9957C1C9EF4A2001802EC /* PBXTargetDependency */ = {
			isa = PBXTargetDependency;
			target = D7F995651C9EF4A1001802EC /* BrightStart */;
			targetProxy = D7F9957B1C9EF4A2001802EC /* PBXContainerItemProxy */;
		};
		D7F995871C9EF4A2001802EC /* PBXTargetDependency */ = {
			isa = PBXTargetDependency;
			target = D7F995651C9EF4A1001802EC /* BrightStart */;
			targetProxy = D7F995861C9EF4A2001802EC /* PBXContainerItemProxy */;
		};
/* End PBXTargetDependency section */

/* Begin PBXVariantGroup section */
		D7F9956D1C9EF4A1001802EC /* Main.storyboard */ = {
			isa = PBXVariantGroup;
			children = (
				D7F9956E1C9EF4A1001802EC /* Base */,
			);
			name = Main.storyboard;
			sourceTree = "<group>";
		};
		D7F995721C9EF4A1001802EC /* LaunchScreen.storyboard */ = {
			isa = PBXVariantGroup;
			children = (
				D7F995731C9EF4A1001802EC /* Base */,
			);
			name = LaunchScreen.storyboard;
			sourceTree = "<group>";
		};
/* End PBXVariantGroup section */

/* Begin XCBuildConfiguration section */
		D7F9958C1C9EF4A2001802EC /* Debug */ = {
			isa = XCBuildConfiguration;
			buildSettings = {
				ALWAYS_SEARCH_USER_PATHS = NO;
				CLANG_CXX_LANGUAGE_STANDARD = "gnu++0x";
				CLANG_CXX_LIBRARY = "libc++";
				CLANG_ENABLE_MODULES = YES;
				CLANG_ENABLE_OBJC_ARC = YES;
				CLANG_WARN_BOOL_CONVERSION = YES;
				CLANG_WARN_CONSTANT_CONVERSION = YES;
				CLANG_WARN_DIRECT_OBJC_ISA_USAGE = YES_ERROR;
				CLANG_WARN_EMPTY_BODY = YES;
				CLANG_WARN_ENUM_CONVERSION = YES;
				CLANG_WARN_INFINITE_RECURSION = YES;
				CLANG_WARN_INT_CONVERSION = YES;
				CLANG_WARN_OBJC_ROOT_CLASS = YES_ERROR;
				CLANG_WARN_SUSPICIOUS_MOVE = YES;
				CLANG_WARN_UNREACHABLE_CODE = YES;
				CLANG_WARN__DUPLICATE_METHOD_MATCH = YES;
				CODE_SIGN_IDENTITY = "iPhone Developer: Brandon Young (VG8FUK9923)";
				"CODE_SIGN_IDENTITY[sdk=iphoneos*]" = "";
				COPY_PHASE_STRIP = NO;
				DEBUG_INFORMATION_FORMAT = dwarf;
				ENABLE_STRICT_OBJC_MSGSEND = YES;
				ENABLE_TESTABILITY = YES;
				GCC_C_LANGUAGE_STANDARD = gnu99;
				GCC_DYNAMIC_NO_PIC = NO;
				GCC_NO_COMMON_BLOCKS = YES;
				GCC_OPTIMIZATION_LEVEL = 0;
				GCC_PREPROCESSOR_DEFINITIONS = (
					"DEBUG=1",
					"$(inherited)",
				);
				GCC_WARN_64_TO_32_BIT_CONVERSION = YES;
				GCC_WARN_ABOUT_RETURN_TYPE = YES_ERROR;
				GCC_WARN_UNDECLARED_SELECTOR = YES;
				GCC_WARN_UNINITIALIZED_AUTOS = YES_AGGRESSIVE;
				GCC_WARN_UNUSED_FUNCTION = YES;
				GCC_WARN_UNUSED_VARIABLE = YES;
				IPHONEOS_DEPLOYMENT_TARGET = 9.2;
				MTL_ENABLE_DEBUG_INFO = YES;
				ONLY_ACTIVE_ARCH = YES;
				SDKROOT = iphoneos;
				SWIFT_OPTIMIZATION_LEVEL = "-Onone";
				TARGETED_DEVICE_FAMILY = "1,2";
			};
			name = Debug;
		};
		D7F9958D1C9EF4A2001802EC /* Release */ = {
			isa = XCBuildConfiguration;
			buildSettings = {
				ALWAYS_SEARCH_USER_PATHS = NO;
				CLANG_CXX_LANGUAGE_STANDARD = "gnu++0x";
				CLANG_CXX_LIBRARY = "libc++";
				CLANG_ENABLE_MODULES = YES;
				CLANG_ENABLE_OBJC_ARC = YES;
				CLANG_WARN_BOOL_CONVERSION = YES;
				CLANG_WARN_CONSTANT_CONVERSION = YES;
				CLANG_WARN_DIRECT_OBJC_ISA_USAGE = YES_ERROR;
				CLANG_WARN_EMPTY_BODY = YES;
				CLANG_WARN_ENUM_CONVERSION = YES;
				CLANG_WARN_INFINITE_RECURSION = YES;
				CLANG_WARN_INT_CONVERSION = YES;
				CLANG_WARN_OBJC_ROOT_CLASS = YES_ERROR;
				CLANG_WARN_SUSPICIOUS_MOVE = YES;
				CLANG_WARN_UNREACHABLE_CODE = YES;
				CLANG_WARN__DUPLICATE_METHOD_MATCH = YES;
				"CODE_SIGN_IDENTITY[sdk=iphoneos*]" = "iPhone Developer";
				COPY_PHASE_STRIP = NO;
				DEBUG_INFORMATION_FORMAT = "dwarf-with-dsym";
				ENABLE_NS_ASSERTIONS = NO;
				ENABLE_STRICT_OBJC_MSGSEND = YES;
				GCC_C_LANGUAGE_STANDARD = gnu99;
				GCC_NO_COMMON_BLOCKS = YES;
				GCC_WARN_64_TO_32_BIT_CONVERSION = YES;
				GCC_WARN_ABOUT_RETURN_TYPE = YES_ERROR;
				GCC_WARN_UNDECLARED_SELECTOR = YES;
				GCC_WARN_UNINITIALIZED_AUTOS = YES_AGGRESSIVE;
				GCC_WARN_UNUSED_FUNCTION = YES;
				GCC_WARN_UNUSED_VARIABLE = YES;
				IPHONEOS_DEPLOYMENT_TARGET = 9.2;
				MTL_ENABLE_DEBUG_INFO = NO;
				SDKROOT = iphoneos;
				SWIFT_OPTIMIZATION_LEVEL = "-Owholemodule";
				TARGETED_DEVICE_FAMILY = "1,2";
				VALIDATE_PRODUCT = YES;
			};
			name = Release;
		};
		D7F9958F1C9EF4A2001802EC /* Debug */ = {
			isa = XCBuildConfiguration;
			baseConfigurationReference = 7F04C0F20972BB0831C45083 /* Pods-BrightStart.debug.xcconfig */;
			buildSettings = {
				ASSETCATALOG_COMPILER_APPICON_NAME = AppIcon;
				CODE_SIGN_IDENTITY = "iPhone Distribution: Brandon Young (V699D4BAW5)";
				"CODE_SIGN_IDENTITY[sdk=iphoneos*]" = "iPhone Developer";
				DEVELOPMENT_TEAM = V699D4BAW5;
				INFOPLIST_FILE = BrightStart/Info.plist;
				LD_RUNPATH_SEARCH_PATHS = "$(inherited) @executable_path/Frameworks";
				OTHER_SWIFT_FLAGS = "-DDEBUG";
				PRODUCT_BUNDLE_IDENTIFIER = com.brightstartsoftware.brightstart;
				PRODUCT_NAME = "$(TARGET_NAME)";
				PROVISIONING_PROFILE = "";
				PROVISIONING_PROFILE_SPECIFIER = "";
				SWIFT_VERSION = 3.0.1;
			};
			name = Debug;
		};
		D7F995901C9EF4A2001802EC /* Release */ = {
			isa = XCBuildConfiguration;
			baseConfigurationReference = 5FCC61C88BB28693CDEAB661 /* Pods-BrightStart.release.xcconfig */;
			buildSettings = {
				ASSETCATALOG_COMPILER_APPICON_NAME = AppIcon;
				CODE_SIGN_IDENTITY = "iPhone Distribution: Brandon Young (V699D4BAW5)";
				"CODE_SIGN_IDENTITY[sdk=iphoneos*]" = "iPhone Developer";
				DEVELOPMENT_TEAM = V699D4BAW5;
				INFOPLIST_FILE = BrightStart/Info.plist;
				LD_RUNPATH_SEARCH_PATHS = "$(inherited) @executable_path/Frameworks";
				OTHER_SWIFT_FLAGS = "-DRELEASE";
				PRODUCT_BUNDLE_IDENTIFIER = com.brightstartsoftware.brightstart;
				PRODUCT_NAME = "$(TARGET_NAME)";
				PROVISIONING_PROFILE = "";
				PROVISIONING_PROFILE_SPECIFIER = "";
				SWIFT_VERSION = 3.0.1;
			};
			name = Release;
		};
		D7F995921C9EF4A2001802EC /* Debug */ = {
			isa = XCBuildConfiguration;
			buildSettings = {
				BUNDLE_LOADER = "$(TEST_HOST)";
				INFOPLIST_FILE = BrightStartTests/Info.plist;
				LD_RUNPATH_SEARCH_PATHS = "$(inherited) @executable_path/Frameworks @loader_path/Frameworks";
				PRODUCT_BUNDLE_IDENTIFIER = cognisec.BrightStartTests;
				PRODUCT_NAME = "$(TARGET_NAME)";
				SWIFT_VERSION = 3.0;
				TEST_HOST = "$(BUILT_PRODUCTS_DIR)/BrightStart.app/BrightStart";
			};
			name = Debug;
		};
		D7F995931C9EF4A2001802EC /* Release */ = {
			isa = XCBuildConfiguration;
			buildSettings = {
				BUNDLE_LOADER = "$(TEST_HOST)";
				INFOPLIST_FILE = BrightStartTests/Info.plist;
				LD_RUNPATH_SEARCH_PATHS = "$(inherited) @executable_path/Frameworks @loader_path/Frameworks";
				PRODUCT_BUNDLE_IDENTIFIER = cognisec.BrightStartTests;
				PRODUCT_NAME = "$(TARGET_NAME)";
				SWIFT_VERSION = 3.0;
				TEST_HOST = "$(BUILT_PRODUCTS_DIR)/BrightStart.app/BrightStart";
			};
			name = Release;
		};
		D7F995951C9EF4A2001802EC /* Debug */ = {
			isa = XCBuildConfiguration;
			buildSettings = {
				INFOPLIST_FILE = BrightStartUITests/Info.plist;
				LD_RUNPATH_SEARCH_PATHS = "$(inherited) @executable_path/Frameworks @loader_path/Frameworks";
				PRODUCT_BUNDLE_IDENTIFIER = cognisec.BrightStartUITests;
				PRODUCT_NAME = "$(TARGET_NAME)";
				SWIFT_VERSION = 3.0;
				TEST_TARGET_NAME = BrightStart;
				USES_XCTRUNNER = YES;
			};
			name = Debug;
		};
		D7F995961C9EF4A2001802EC /* Release */ = {
			isa = XCBuildConfiguration;
			buildSettings = {
				INFOPLIST_FILE = BrightStartUITests/Info.plist;
				LD_RUNPATH_SEARCH_PATHS = "$(inherited) @executable_path/Frameworks @loader_path/Frameworks";
				PRODUCT_BUNDLE_IDENTIFIER = cognisec.BrightStartUITests;
				PRODUCT_NAME = "$(TARGET_NAME)";
				SWIFT_VERSION = 3.0;
				TEST_TARGET_NAME = BrightStart;
				USES_XCTRUNNER = YES;
			};
			name = Release;
		};
/* End XCBuildConfiguration section */

/* Begin XCConfigurationList section */
		D7F995611C9EF4A1001802EC /* Build configuration list for PBXProject "BrightStart" */ = {
			isa = XCConfigurationList;
			buildConfigurations = (
				D7F9958C1C9EF4A2001802EC /* Debug */,
				D7F9958D1C9EF4A2001802EC /* Release */,
			);
			defaultConfigurationIsVisible = 0;
			defaultConfigurationName = Release;
		};
		D7F9958E1C9EF4A2001802EC /* Build configuration list for PBXNativeTarget "BrightStart" */ = {
			isa = XCConfigurationList;
			buildConfigurations = (
				D7F9958F1C9EF4A2001802EC /* Debug */,
				D7F995901C9EF4A2001802EC /* Release */,
			);
			defaultConfigurationIsVisible = 0;
			defaultConfigurationName = Release;
		};
		D7F995911C9EF4A2001802EC /* Build configuration list for PBXNativeTarget "BrightStartTests" */ = {
			isa = XCConfigurationList;
			buildConfigurations = (
				D7F995921C9EF4A2001802EC /* Debug */,
				D7F995931C9EF4A2001802EC /* Release */,
			);
			defaultConfigurationIsVisible = 0;
			defaultConfigurationName = Release;
		};
		D7F995941C9EF4A2001802EC /* Build configuration list for PBXNativeTarget "BrightStartUITests" */ = {
			isa = XCConfigurationList;
			buildConfigurations = (
				D7F995951C9EF4A2001802EC /* Debug */,
				D7F995961C9EF4A2001802EC /* Release */,
			);
			defaultConfigurationIsVisible = 0;
			defaultConfigurationName = Release;
		};
/* End XCConfigurationList section */
	};
	rootObject = D7F9955E1C9EF4A1001802EC /* Project object */;
}
